{
  "requires": true,
  "lockfileVersion": 1,
  "dependencies": {
    "fs-readfile-promise": {
      "version": "3.0.1",
      "resolved": "https://registry.npmjs.org/fs-readfile-promise/-/fs-readfile-promise-3.0.1.tgz",
      "integrity": "sha512-LsSxMeaJdYH27XrW7Dmq0Gx63mioULCRel63B5VeELYLavi1wF5s0XfsIdKDFdCL9hsfQ2qBvXJszQtQJ9h17A==",
      "requires": {
        "graceful-fs": "^4.1.11"
      }
    },
    "fs-writefile-promise": {
      "version": "3.0.2",
      "resolved": "https://registry.npmjs.org/fs-writefile-promise/-/fs-writefile-promise-3.0.2.tgz",
      "integrity": "sha512-j8HMTdlHUWaMGteIcl6Vg+zzuBl2H+Rbl7SN5bhROO99oIJNlUjdomdGqdMmQ9gzliEDUBlojJVgnKjVgvHF2g=="
    },
    "graceful-fs": {
      "version": "4.2.3",
      "resolved": "https://registry.npmjs.org/graceful-fs/-/graceful-fs-4.2.3.tgz",
      "integrity": "sha512-a30VEBm4PEdx1dRB7MFK7BejejvCvBronbLjht+sHuGYj8PHs7M/5Z+rt5lw551vZ7yfTCj4Vuyy3mSJytDWRQ=="
    }
  }
}
